
Microsoft Visual Studio Solution File, Format Version 12.00
# Visual Studio Version 16
VisualStudioVersion = 16.0.31424.327
MinimumVisualStudioVersion = 10.0.40219.1
Project("{FAE04EC0-301F-11D3-BF4B-00C04F79EFBC}") = "MVVMCalculator.Android", "MVVMCalculator.Android\MVVMCalculator.Android.csproj", "{6CF75C58-300A-427B-8B03-F7C8DABFD8D1}"
EndProject
Project("{FAE04EC0-301F-11D3-BF4B-00C04F79EFBC}") = "MVVMCalculator", "MVVMCalculator\MVVMCalculator.csproj", "{9B0C2D32-159B-4335-ABE0-CC9722345698}"
EndProject
Global
	GlobalSection(SolutionConfigurationPlatforms) = preSolution
		Debug|Any CPU = Debug|Any CPU
		Release|Any CPU = Release|Any CPU
	EndGlobalSection
	GlobalSection(ProjectConfigurationPlatforms) = postSolution
		{6CF75C58-300A-427B-8B03-F7C8DABFD8D1}.Debug|Any CPU.ActiveCfg = Debug|Any CPU
		{6CF75C58-300A-427B-8B03-F7C8DABFD8D1}.Debug|Any CPU.Build.0 = Debug|Any CPU
		{6CF75C58-300A-427B-8B03-F7C8DABFD8D1}.Debug|Any CPU.Deploy.0 = Debug|Any CPU
		{6CF75C58-300A-427B-8B03-F7C8DABFD8D1}.Release|Any CPU.ActiveCfg = Release|Any CPU
		{6CF75C58-300A-427B-8B03-F7C8DABFD8D1}.Release|Any CPU.Build.0 = Release|Any CPU
		{6CF75C58-300A-427B-8B03-F7C8DABFD8D1}.Release|Any CPU.Deploy.0 = Release|Any CPU
		{9B0C2D32-159B-4335-ABE0-CC9722345698}.Debug|Any CPU.ActiveCfg = Debug|Any CPU
		{9B0C2D32-159B-4335-ABE0-CC9722345698}.Debug|Any CPU.Build.0 = Debug|Any CPU
		{9B0C2D32-159B-4335-ABE0-CC9722345698}.Debug|Any CPU.Deploy.0 = Debug|Any CPU
		{9B0C2D32-159B-4335-ABE0-CC9722345698}.Release|Any CPU.ActiveCfg = Release|Any CPU
		{9B0C2D32-159B-4335-ABE0-CC9722345698}.Release|Any CPU.Build.0 = Release|Any CPU
		{9B0C2D32-159B-4335-ABE0-CC9722345698}.Release|Any CPU.Deploy.0 = Release|Any CPU
	EndGlobalSection
	GlobalSection(SolutionProperties) = preSolution
		HideSolutionNode = FALSE
	EndGlobalSection
	GlobalSection(ExtensibilityGlobals) = postSolution
		SolutionGuid = {8416A184-8B7A-442B-B025-62595010A42E}
	EndGlobalSection
EndGlobal
